
Microsoft Visual Studio Solution File, Format Version 12.00
# Visual Studio Version 17
VisualStudioVersion = 17.11.35327.3
MinimumVisualStudioVersion = 10.0.40219.1
Project("{2150E333-8FDC-42A3-9474-1A3956D46DE8}") = "Services", "Services", "{8F280ABD-A8F9-4959-BB74-54D60CE2B080}"
EndProject
Project("{2150E333-8FDC-42A3-9474-1A3956D46DE8}") = "Catalog", "Catalog", "{370C8555-486E-4CC7-A352-228CF64CBD4B}"
EndProject
Project("{9A19103F-16F7-4668-BE54-9A1E7A4F7556}") = "Catalog.API", "Services\Catalog\Catalog.API\Catalog.API.csproj", "{E8A83413-1AA9-4051-8585-75E5A5FF685B}"
EndProject
Project("{2150E333-8FDC-42A3-9474-1A3956D46DE8}") = "BuildingBlocks", "BuildingBlocks", "{B797A364-97F1-42F1-A5A5-12F11AC08E13}"
EndProject
Project("{9A19103F-16F7-4668-BE54-9A1E7A4F7556}") = "BuildingBlocks", "BuildingBlocks\BuildingBlocks\BuildingBlocks.csproj", "{17CA041F-B04F-4888-8DAB-BA8F390AAE0E}"
EndProject
Project("{E53339B2-1760-4266-BCC7-CA923CBCF16C}") = "docker-compose", "docker-compose.dcproj", "{EFA5148A-F6D1-4A80-8D5D-A354215DCD2E}"
EndProject
Project("{2150E333-8FDC-42A3-9474-1A3956D46DE8}") = "Basket", "Basket", "{2D3D7480-56E8-4B83-AA0C-8D7DD8B8E5B3}"
EndProject
Project("{9A19103F-16F7-4668-BE54-9A1E7A4F7556}") = "Basket.API", "Services\Basket\Basket.API\Basket.API.csproj", "{51CBC88B-1823-4FD0-9CE5-202DB31B435F}"
EndProject
Project("{2150E333-8FDC-42A3-9474-1A3956D46DE8}") = "Discount", "Discount", "{445D2D79-21E8-4100-BADF-683EC5663BDC}"
EndProject
Project("{FAE04EC0-301F-11D3-BF4B-00C04F79EFBC}") = "Discount.Grpc", "Services\Discount\Discount.Grpc\Discount.Grpc.csproj", "{5AA31E69-F95D-4AB8-BF4F-D4ADA930BE52}"
EndProject
Global
	GlobalSection(SolutionConfigurationPlatforms) = preSolution
		Debug|Any CPU = Debug|Any CPU
		Release|Any CPU = Release|Any CPU
	EndGlobalSection
	GlobalSection(ProjectConfigurationPlatforms) = postSolution
		{E8A83413-1AA9-4051-8585-75E5A5FF685B}.Debug|Any CPU.ActiveCfg = Debug|Any CPU
		{E8A83413-1AA9-4051-8585-75E5A5FF685B}.Debug|Any CPU.Build.0 = Debug|Any CPU
		{E8A83413-1AA9-4051-8585-75E5A5FF685B}.Release|Any CPU.ActiveCfg = Release|Any CPU
		{E8A83413-1AA9-4051-8585-75E5A5FF685B}.Release|Any CPU.Build.0 = Release|Any CPU
		{17CA041F-B04F-4888-8DAB-BA8F390AAE0E}.Debug|Any CPU.ActiveCfg = Debug|Any CPU
		{17CA041F-B04F-4888-8DAB-BA8F390AAE0E}.Debug|Any CPU.Build.0 = Debug|Any CPU
		{17CA041F-B04F-4888-8DAB-BA8F390AAE0E}.Release|Any CPU.ActiveCfg = Release|Any CPU
		{17CA041F-B04F-4888-8DAB-BA8F390AAE0E}.Release|Any CPU.Build.0 = Release|Any CPU
		{EFA5148A-F6D1-4A80-8D5D-A354215DCD2E}.Debug|Any CPU.ActiveCfg = Debug|Any CPU
		{EFA5148A-F6D1-4A80-8D5D-A354215DCD2E}.Debug|Any CPU.Build.0 = Debug|Any CPU
		{EFA5148A-F6D1-4A80-8D5D-A354215DCD2E}.Release|Any CPU.ActiveCfg = Release|Any CPU
		{EFA5148A-F6D1-4A80-8D5D-A354215DCD2E}.Release|Any CPU.Build.0 = Release|Any CPU
		{51CBC88B-1823-4FD0-9CE5-202DB31B435F}.Debug|Any CPU.ActiveCfg = Debug|Any CPU
		{51CBC88B-1823-4FD0-9CE5-202DB31B435F}.Debug|Any CPU.Build.0 = Debug|Any CPU
		{51CBC88B-1823-4FD0-9CE5-202DB31B435F}.Release|Any CPU.ActiveCfg = Release|Any CPU
		{51CBC88B-1823-4FD0-9CE5-202DB31B435F}.Release|Any CPU.Build.0 = Release|Any CPU
		{5AA31E69-F95D-4AB8-BF4F-D4ADA930BE52}.Debug|Any CPU.ActiveCfg = Debug|Any CPU
		{5AA31E69-F95D-4AB8-BF4F-D4ADA930BE52}.Debug|Any CPU.Build.0 = Debug|Any CPU
		{5AA31E69-F95D-4AB8-BF4F-D4ADA930BE52}.Release|Any CPU.ActiveCfg = Release|Any CPU
		{5AA31E69-F95D-4AB8-BF4F-D4ADA930BE52}.Release|Any CPU.Build.0 = Release|Any CPU
	EndGlobalSection
	GlobalSection(SolutionProperties) = preSolution
		HideSolutionNode = FALSE
	EndGlobalSection
	GlobalSection(NestedProjects) = preSolution
		{370C8555-486E-4CC7-A352-228CF64CBD4B} = {8F280ABD-A8F9-4959-BB74-54D60CE2B080}
		{E8A83413-1AA9-4051-8585-75E5A5FF685B} = {370C8555-486E-4CC7-A352-228CF64CBD4B}
		{17CA041F-B04F-4888-8DAB-BA8F390AAE0E} = {B797A364-97F1-42F1-A5A5-12F11AC08E13}
		{2D3D7480-56E8-4B83-AA0C-8D7DD8B8E5B3} = {8F280ABD-A8F9-4959-BB74-54D60CE2B080}
		{51CBC88B-1823-4FD0-9CE5-202DB31B435F} = {2D3D7480-56E8-4B83-AA0C-8D7DD8B8E5B3}
		{445D2D79-21E8-4100-BADF-683EC5663BDC} = {8F280ABD-A8F9-4959-BB74-54D60CE2B080}
		{5AA31E69-F95D-4AB8-BF4F-D4ADA930BE52} = {445D2D79-21E8-4100-BADF-683EC5663BDC}
	EndGlobalSection
	GlobalSection(ExtensibilityGlobals) = postSolution
		SolutionGuid = {682AFB8C-E2F2-40CF-954A-AA099812AAD5}
	EndGlobalSection
EndGlobal
